
Microsoft Visual Studio Solution File, Format Version 12.00
# Visual Studio 15
VisualStudioVersion = 15.0.27428.2015
MinimumVisualStudioVersion = 10.0.40219.1
Project("{8BC9CEB8-8B4A-11D0-8D11-00A0C91BC942}") = "Lab2", "Lab2\Lab2.vcxproj", "{C90FE20B-E774-44B6-ACE1-EC7DF5F013AC}"
EndProject
Global
	GlobalSection(SolutionConfigurationPlatforms) = preSolution
		Debug|x64 = Debug|x64
		Debug|x86 = Debug|x86
		Release|x64 = Release|x64
		Release|x86 = Release|x86
	EndGlobalSection
	GlobalSection(ProjectConfigurationPlatforms) = postSolution
		{C90FE20B-E774-44B6-ACE1-EC7DF5F013AC}.Debug|x64.ActiveCfg = Debug|x64
		{C90FE20B-E774-44B6-ACE1-EC7DF5F013AC}.Debug|x64.Build.0 = Debug|x64
		{C90FE20B-E774-44B6-ACE1-EC7DF5F013AC}.Debug|x86.ActiveCfg = Debug|Win32
		{C90FE20B-E774-44B6-ACE1-EC7DF5F013AC}.Debug|x86.Build.0 = Debug|Win32
		{C90FE20B-E774-44B6-ACE1-EC7DF5F013AC}.Release|x64.ActiveCfg = Release|x64
		{C90FE20B-E774-44B6-ACE1-EC7DF5F013AC}.Release|x64.Build.0 = Release|x64
		{C90FE20B-E774-44B6-ACE1-EC7DF5F013AC}.Release|x86.ActiveCfg = Release|Win32
		{C90FE20B-E774-44B6-ACE1-EC7DF5F013AC}.Release|x86.Build.0 = Release|Win32
	EndGlobalSection
	GlobalSection(SolutionProperties) = preSolution
		HideSolutionNode = FALSE
	EndGlobalSection
	GlobalSection(ExtensibilityGlobals) = postSolution
		SolutionGuid = {BF404B05-4991-45DE-B6AA-32682A74412C}
	EndGlobalSection
EndGlobal
